// !$*UTF8*$!
{
	archiveVersion = 1;
	classes = {
	};
	objectVersion = 46;
	objects = {

/* Begin PBXBuildFile section */
		33DB926E5585A6D52DB89DD6 /* Pods_food_tracker.framework in Frameworks */ = {isa = PBXBuildFile; fileRef = AC54008F474C05054705EA65 /* Pods_food_tracker.framework */; };
		3741DF761DB80F6F0023FED9 /* AvgRating.swift in Sources */ = {isa = PBXBuildFile; fileRef = 3741DF751DB80F6F0023FED9 /* AvgRating.swift */; };
		6C0E0B2E1D92FD3D00442321 /* Meal.swift in Sources */ = {isa = PBXBuildFile; fileRef = 6C0E0B2D1D92FD3D00442321 /* Meal.swift */; };
		6C12C9C31D89E2C500C82247 /* AppDelegate.swift in Sources */ = {isa = PBXBuildFile; fileRef = 6C12C9C21D89E2C500C82247 /* AppDelegate.swift */; };
		6C12C9C51D89E2C500C82247 /* MealViewController.swift in Sources */ = {isa = PBXBuildFile; fileRef = 6C12C9C41D89E2C500C82247 /* MealViewController.swift */; };
		6C12C9C81D89E2C500C82247 /* Main.storyboard in Resources */ = {isa = PBXBuildFile; fileRef = 6C12C9C61D89E2C500C82247 /* Main.storyboard */; };
		6C12C9CA1D89E2C500C82247 /* Assets.xcassets in Resources */ = {isa = PBXBuildFile; fileRef = 6C12C9C91D89E2C500C82247 /* Assets.xcassets */; };
		6C12C9CD1D89E2C500C82247 /* LaunchScreen.storyboard in Resources */ = {isa = PBXBuildFile; fileRef = 6C12C9CB1D89E2C500C82247 /* LaunchScreen.storyboard */; };
		6C12C9DB1D8AEB2E00C82247 /* food_trackerTests.swift in Sources */ = {isa = PBXBuildFile; fileRef = 6C12C9DA1D8AEB2E00C82247 /* food_trackerTests.swift */; };
		6C12C9E31D8AF4B800C82247 /* RatingControl.swift in Sources */ = {isa = PBXBuildFile; fileRef = 6C12C9E21D8AF4B800C82247 /* RatingControl.swift */; };
		6C12C9E51D8B069A00C82247 /* MealData.swift in Sources */ = {isa = PBXBuildFile; fileRef = 6C12C9E41D8B069A00C82247 /* MealData.swift */; };
		6C12C9E61D8B069A00C82247 /* MealData.swift in Sources */ = {isa = PBXBuildFile; fileRef = 6C12C9E41D8B069A00C82247 /* MealData.swift */; };
		6C12C9E81D8B116200C82247 /* MealTableViewCell.swift in Sources */ = {isa = PBXBuildFile; fileRef = 6C12C9E71D8B116200C82247 /* MealTableViewCell.swift */; };
		6C12C9EA1D8B15B200C82247 /* MealTableViewController.swift in Sources */ = {isa = PBXBuildFile; fileRef = 6C12C9E91D8B15B200C82247 /* MealTableViewController.swift */; };
		6C1AE4A71D9AD9CD00ECF971 /* LoginViewController.swift in Sources */ = {isa = PBXBuildFile; fileRef = 6C1AE4A61D9AD9CD00ECF971 /* LoginViewController.swift */; };
		6C1AE4A91D9AD9E700ECF971 /* Utility.swift in Sources */ = {isa = PBXBuildFile; fileRef = 6C1AE4A81D9AD9E700ECF971 /* Utility.swift */; };
		6C1AE4AB1D9ADA0600ECF971 /* RegisterViewController.swift in Sources */ = {isa = PBXBuildFile; fileRef = 6C1AE4AA1D9ADA0600ECF971 /* RegisterViewController.swift */; };
		6C1AE4AD1D9AE0CD00ECF971 /* MenuViewController.swift in Sources */ = {isa = PBXBuildFile; fileRef = 6C1AE4AC1D9AE0CC00ECF971 /* MenuViewController.swift */; };
		6CF5C0C91D9473E200450F52 /* BackendlessManager.swift in Sources */ = {isa = PBXBuildFile; fileRef = 6CF5C0C81D9473E200450F52 /* BackendlessManager.swift */; };
/* End PBXBuildFile section */

/* Begin PBXContainerItemProxy section */
		6C12C9DD1D8AEB2E00C82247 /* PBXContainerItemProxy */ = {
			isa = PBXContainerItemProxy;
			containerPortal = 6C12C9B71D89E2C400C82247 /* Project object */;
			proxyType = 1;
			remoteGlobalIDString = 6C12C9BE1D89E2C500C82247;
			remoteInfo = "food-tracker";
		};
/* End PBXContainerItemProxy section */

/* Begin PBXFileReference section */
		3741DF751DB80F6F0023FED9 /* AvgRating.swift */ = {isa = PBXFileReference; fileEncoding = 4; lastKnownFileType = sourcecode.swift; path = AvgRating.swift; sourceTree = "<group>"; };
		408A748B7C57887CBC253DEB /* Pods-food-tracker.debug.xcconfig */ = {isa = PBXFileReference; includeInIndex = 1; lastKnownFileType = text.xcconfig; name = "Pods-food-tracker.debug.xcconfig"; path = "Pods/Target Support Files/Pods-food-tracker/Pods-food-tracker.debug.xcconfig"; sourceTree = "<group>"; };
		6C0E0B2D1D92FD3D00442321 /* Meal.swift */ = {isa = PBXFileReference; fileEncoding = 4; lastKnownFileType = sourcecode.swift; path = Meal.swift; sourceTree = "<group>"; };
		6C12C9BF1D89E2C500C82247 /* food-tracker.app */ = {isa = PBXFileReference; explicitFileType = wrapper.application; includeInIndex = 0; path = "food-tracker.app"; sourceTree = BUILT_PRODUCTS_DIR; };
		6C12C9C21D89E2C500C82247 /* AppDelegate.swift */ = {isa = PBXFileReference; lastKnownFileType = sourcecode.swift; path = AppDelegate.swift; sourceTree = "<group>"; };
		6C12C9C41D89E2C500C82247 /* MealViewController.swift */ = {isa = PBXFileReference; lastKnownFileType = sourcecode.swift; path = MealViewController.swift; sourceTree = "<group>"; };
		6C12C9C71D89E2C500C82247 /* Base */ = {isa = PBXFileReference; lastKnownFileType = file.storyboard; name = Base; path = Base.lproj/Main.storyboard; sourceTree = "<group>"; };
		6C12C9C91D89E2C500C82247 /* Assets.xcassets */ = {isa = PBXFileReference; lastKnownFileType = folder.assetcatalog; path = Assets.xcassets; sourceTree = "<group>"; };
		6C12C9CC1D89E2C500C82247 /* Base */ = {isa = PBXFileReference; lastKnownFileType = file.storyboard; name = Base; path = Base.lproj/LaunchScreen.storyboard; sourceTree = "<group>"; };
		6C12C9CE1D89E2C500C82247 /* Info.plist */ = {isa = PBXFileReference; lastKnownFileType = text.plist.xml; path = Info.plist; sourceTree = "<group>"; };
		6C12C9D81D8AEB2D00C82247 /* food-trackerTests.xctest */ = {isa = PBXFileReference; explicitFileType = wrapper.cfbundle; includeInIndex = 0; path = "food-trackerTests.xctest"; sourceTree = BUILT_PRODUCTS_DIR; };
		6C12C9DA1D8AEB2E00C82247 /* food_trackerTests.swift */ = {isa = PBXFileReference; lastKnownFileType = sourcecode.swift; path = food_trackerTests.swift; sourceTree = "<group>"; };
		6C12C9DC1D8AEB2E00C82247 /* Info.plist */ = {isa = PBXFileReference; lastKnownFileType = text.plist.xml; path = Info.plist; sourceTree = "<group>"; };
		6C12C9E21D8AF4B800C82247 /* RatingControl.swift */ = {isa = PBXFileReference; fileEncoding = 4; lastKnownFileType = sourcecode.swift; path = RatingControl.swift; sourceTree = "<group>"; };
		6C12C9E41D8B069A00C82247 /* MealData.swift */ = {isa = PBXFileReference; fileEncoding = 4; lastKnownFileType = sourcecode.swift; path = MealData.swift; sourceTree = "<group>"; };
		6C12C9E71D8B116200C82247 /* MealTableViewCell.swift */ = {isa = PBXFileReference; fileEncoding = 4; lastKnownFileType = sourcecode.swift; path = MealTableViewCell.swift; sourceTree = "<group>"; };
		6C12C9E91D8B15B200C82247 /* MealTableViewController.swift */ = {isa = PBXFileReference; fileEncoding = 4; lastKnownFileType = sourcecode.swift; path = MealTableViewController.swift; sourceTree = "<group>"; };
		6C1AE4A61D9AD9CD00ECF971 /* LoginViewController.swift */ = {isa = PBXFileReference; fileEncoding = 4; lastKnownFileType = sourcecode.swift; path = LoginViewController.swift; sourceTree = "<group>"; };
		6C1AE4A81D9AD9E700ECF971 /* Utility.swift */ = {isa = PBXFileReference; fileEncoding = 4; lastKnownFileType = sourcecode.swift; path = Utility.swift; sourceTree = "<group>"; };
		6C1AE4AA1D9ADA0600ECF971 /* RegisterViewController.swift */ = {isa = PBXFileReference; fileEncoding = 4; lastKnownFileType = sourcecode.swift; path = RegisterViewController.swift; sourceTree = "<group>"; };
		6C1AE4AC1D9AE0CC00ECF971 /* MenuViewController.swift */ = {isa = PBXFileReference; fileEncoding = 4; lastKnownFileType = sourcecode.swift; path = MenuViewController.swift; sourceTree = "<group>"; };
		6CF5C0C81D9473E200450F52 /* BackendlessManager.swift */ = {isa = PBXFileReference; fileEncoding = 4; lastKnownFileType = sourcecode.swift; path = BackendlessManager.swift; sourceTree = "<group>"; };
		AC54008F474C05054705EA65 /* Pods_food_tracker.framework */ = {isa = PBXFileReference; explicitFileType = wrapper.framework; includeInIndex = 0; path = Pods_food_tracker.framework; sourceTree = BUILT_PRODUCTS_DIR; };
		D347114CC2B991A646FDE9E3 /* Pods_food_trackerTests.framework */ = {isa = PBXFileReference; explicitFileType = wrapper.framework; includeInIndex = 0; path = Pods_food_trackerTests.framework; sourceTree = BUILT_PRODUCTS_DIR; };
		DE659380D209F91483A25C31 /* Pods-food-tracker.release.xcconfig */ = {isa = PBXFileReference; includeInIndex = 1; lastKnownFileType = text.xcconfig; name = "Pods-food-tracker.release.xcconfig"; path = "Pods/Target Support Files/Pods-food-tracker/Pods-food-tracker.release.xcconfig"; sourceTree = "<group>"; };
/* End PBXFileReference section */

/* Begin PBXFrameworksBuildPhase section */
		6C12C9BC1D89E2C500C82247 /* Frameworks */ = {
			isa = PBXFrameworksBuildPhase;
			buildActionMask = 2147483647;
			files = (
				33DB926E5585A6D52DB89DD6 /* Pods_food_tracker.framework in Frameworks */,
			);
			runOnlyForDeploymentPostprocessing = 0;
		};
		6C12C9D51D8AEB2D00C82247 /* Frameworks */ = {
			isa = PBXFrameworksBuildPhase;
			buildActionMask = 2147483647;
			files = (
			);
			runOnlyForDeploymentPostprocessing = 0;
		};
/* End PBXFrameworksBuildPhase section */

/* Begin PBXGroup section */
		0E72A340E2ADECF2C3392517 /* Pods */ = {
			isa = PBXGroup;
			children = (
				408A748B7C57887CBC253DEB /* Pods-food-tracker.debug.xcconfig */,
				DE659380D209F91483A25C31 /* Pods-food-tracker.release.xcconfig */,
			);
			name = Pods;
			sourceTree = "<group>";
		};
		19DC8E4B9CC8C866A542D8A6 /* Frameworks */ = {
			isa = PBXGroup;
			children = (
				AC54008F474C05054705EA65 /* Pods_food_tracker.framework */,
				D347114CC2B991A646FDE9E3 /* Pods_food_trackerTests.framework */,
			);
			name = Frameworks;
			sourceTree = "<group>";
		};
		6C12C9B61D89E2C400C82247 = {
			isa = PBXGroup;
			children = (
				6C12C9C11D89E2C500C82247 /* food-tracker */,
				6C12C9D91D8AEB2D00C82247 /* food-trackerTests */,
				6C12C9C01D89E2C500C82247 /* Products */,
				0E72A340E2ADECF2C3392517 /* Pods */,
				19DC8E4B9CC8C866A542D8A6 /* Frameworks */,
			);
			sourceTree = "<group>";
		};
		6C12C9C01D89E2C500C82247 /* Products */ = {
			isa = PBXGroup;
			children = (
				6C12C9BF1D89E2C500C82247 /* food-tracker.app */,
				6C12C9D81D8AEB2D00C82247 /* food-trackerTests.xctest */,
			);
			name = Products;
			sourceTree = "<group>";
		};
		6C12C9C11D89E2C500C82247 /* food-tracker */ = {
			isa = PBXGroup;
			children = (
				3741DF751DB80F6F0023FED9 /* AvgRating.swift */,
				6C1AE4A81D9AD9E700ECF971 /* Utility.swift */,
				6CF5C0C81D9473E200450F52 /* BackendlessManager.swift */,
				6C12C9C21D89E2C500C82247 /* AppDelegate.swift */,
				6C1AE4A61D9AD9CD00ECF971 /* LoginViewController.swift */,
				6C1AE4AA1D9ADA0600ECF971 /* RegisterViewController.swift */,
				6C1AE4AC1D9AE0CC00ECF971 /* MenuViewController.swift */,
				6C12C9C41D89E2C500C82247 /* MealViewController.swift */,
				6C0E0B2D1D92FD3D00442321 /* Meal.swift */,
				6C12C9E41D8B069A00C82247 /* MealData.swift */,
				6C12C9E21D8AF4B800C82247 /* RatingControl.swift */,
				6C12C9E71D8B116200C82247 /* MealTableViewCell.swift */,
				6C12C9E91D8B15B200C82247 /* MealTableViewController.swift */,
				6C12C9C61D89E2C500C82247 /* Main.storyboard */,
				6C12C9C91D89E2C500C82247 /* Assets.xcassets */,
				6C12C9CB1D89E2C500C82247 /* LaunchScreen.storyboard */,
				6C12C9CE1D89E2C500C82247 /* Info.plist */,
			);
			path = "food-tracker";
			sourceTree = "<group>";
		};
		6C12C9D91D8AEB2D00C82247 /* food-trackerTests */ = {
			isa = PBXGroup;
			children = (
				6C12C9DA1D8AEB2E00C82247 /* food_trackerTests.swift */,
				6C12C9DC1D8AEB2E00C82247 /* Info.plist */,
			);
			path = "food-trackerTests";
			sourceTree = "<group>";
		};
/* End PBXGroup section */

/* Begin PBXNativeTarget section */
		6C12C9BE1D89E2C500C82247 /* food-tracker */ = {
			isa = PBXNativeTarget;
			buildConfigurationList = 6C12C9D11D89E2C500C82247 /* Build configuration list for PBXNativeTarget "food-tracker" */;
			buildPhases = (
				9477F0382E937E9E666669F3 /* [CP] Check Pods Manifest.lock */,
				6C12C9BB1D89E2C500C82247 /* Sources */,
				6C12C9BC1D89E2C500C82247 /* Frameworks */,
				6C12C9BD1D89E2C500C82247 /* Resources */,
				C19EC6CB390E1EC6F2BE8CBC /* [CP] Embed Pods Frameworks */,
				EB861CE8E9708FBFEB0A64F0 /* [CP] Copy Pods Resources */,
			);
			buildRules = (
			);
			dependencies = (
			);
			name = "food-tracker";
			productName = "food-tracker";
			productReference = 6C12C9BF1D89E2C500C82247 /* food-tracker.app */;
			productType = "com.apple.product-type.application";
		};
		6C12C9D71D8AEB2D00C82247 /* food-trackerTests */ = {
			isa = PBXNativeTarget;
			buildConfigurationList = 6C12C9E11D8AEB2E00C82247 /* Build configuration list for PBXNativeTarget "food-trackerTests" */;
			buildPhases = (
				6C12C9D41D8AEB2D00C82247 /* Sources */,
				6C12C9D51D8AEB2D00C82247 /* Frameworks */,
				6C12C9D61D8AEB2D00C82247 /* Resources */,
			);
			buildRules = (
			);
			dependencies = (
				6C12C9DE1D8AEB2E00C82247 /* PBXTargetDependency */,
			);
			name = "food-trackerTests";
			productName = "food-trackerTests";
			productReference = 6C12C9D81D8AEB2D00C82247 /* food-trackerTests.xctest */;
			productType = "com.apple.product-type.bundle.unit-test";
		};
/* End PBXNativeTarget section */

/* Begin PBXProject section */
		6C12C9B71D89E2C400C82247 /* Project object */ = {
			isa = PBXProject;
			attributes = {
				LastSwiftUpdateCheck = 0730;
				LastUpgradeCheck = 0800;
				ORGANIZATIONNAME = "Melissa Phillips Design";
				TargetAttributes = {
					6C12C9BE1D89E2C500C82247 = {
						CreatedOnToolsVersion = 7.3.1;
						DevelopmentTeam = MGZJFP2D98;
						LastSwiftMigration = 0800;
					};
					6C12C9D71D8AEB2D00C82247 = {
						CreatedOnToolsVersion = 7.3.1;
						LastSwiftMigration = 0800;
						TestTargetID = 6C12C9BE1D89E2C500C82247;
					};
				};
			};
			buildConfigurationList = 6C12C9BA1D89E2C400C82247 /* Build configuration list for PBXProject "food-tracker" */;
			compatibilityVersion = "Xcode 3.2";
			developmentRegion = English;
			hasScannedForEncodings = 0;
			knownRegions = (
				en,
				Base,
			);
			mainGroup = 6C12C9B61D89E2C400C82247;
			productRefGroup = 6C12C9C01D89E2C500C82247 /* Products */;
			projectDirPath = "";
			projectRoot = "";
			targets = (
				6C12C9BE1D89E2C500C82247 /* food-tracker */,
				6C12C9D71D8AEB2D00C82247 /* food-trackerTests */,
			);
		};
/* End PBXProject section */

/* Begin PBXResourcesBuildPhase section */
		6C12C9BD1D89E2C500C82247 /* Resources */ = {
			isa = PBXResourcesBuildPhase;
			buildActionMask = 2147483647;
			files = (
				6C12C9CD1D89E2C500C82247 /* LaunchScreen.storyboard in Resources */,
				6C12C9CA1D89E2C500C82247 /* Assets.xcassets in Resources */,
				6C12C9C81D89E2C500C82247 /* Main.storyboard in Resources */,
			);
			runOnlyForDeploymentPostprocessing = 0;
		};
		6C12C9D61D8AEB2D00C82247 /* Resources */ = {
			isa = PBXResourcesBuildPhase;
			buildActionMask = 2147483647;
			files = (
			);
			runOnlyForDeploymentPostprocessing = 0;
		};
/* End PBXResourcesBuildPhase section */

/* Begin PBXShellScriptBuildPhase section */
		9477F0382E937E9E666669F3 /* [CP] Check Pods Manifest.lock */ = {
			isa = PBXShellScriptBuildPhase;
			buildActionMask = 2147483647;
			files = (
			);
			inputPaths = (
			);
			name = "[CP] Check Pods Manifest.lock";
			outputPaths = (
			);
			runOnlyForDeploymentPostprocessing = 0;
			shellPath = /bin/sh;
			shellScript = "diff \"${PODS_ROOT}/../Podfile.lock\" \"${PODS_ROOT}/Manifest.lock\" > /dev/null\nif [[ $? != 0 ]] ; then\n    cat << EOM\nerror: The sandbox is not in sync with the Podfile.lock. Run 'pod install' or update your CocoaPods installation.\nEOM\n    exit 1\nfi\n";
			showEnvVarsInLog = 0;
		};
		C19EC6CB390E1EC6F2BE8CBC /* [CP] Embed Pods Frameworks */ = {
			isa = PBXShellScriptBuildPhase;
			buildActionMask = 2147483647;
			files = (
			);
			inputPaths = (
			);
			name = "[CP] Embed Pods Frameworks";
			outputPaths = (
			);
			runOnlyForDeploymentPostprocessing = 0;
			shellPath = /bin/sh;
			shellScript = "\"${SRCROOT}/Pods/Target Support Files/Pods-food-tracker/Pods-food-tracker-frameworks.sh\"\n";
			showEnvVarsInLog = 0;
		};
		EB861CE8E9708FBFEB0A64F0 /* [CP] Copy Pods Resources */ = {
			isa = PBXShellScriptBuildPhase;
			buildActionMask = 2147483647;
			files = (
			);
			inputPaths = (
			);
			name = "[CP] Copy Pods Resources";
			outputPaths = (
			);
			runOnlyForDeploymentPostprocessing = 0;
			shellPath = /bin/sh;
			shellScript = "\"${SRCROOT}/Pods/Target Support Files/Pods-food-tracker/Pods-food-tracker-resources.sh\"\n";
			showEnvVarsInLog = 0;
		};
/* End PBXShellScriptBuildPhase section */

/* Begin PBXSourcesBuildPhase section */
		6C12C9BB1D89E2C500C82247 /* Sources */ = {
			isa = PBXSourcesBuildPhase;
			buildActionMask = 2147483647;
			files = (
				6C1AE4A91D9AD9E700ECF971 /* Utility.swift in Sources */,
				6C1AE4AB1D9ADA0600ECF971 /* RegisterViewController.swift in Sources */,
				3741DF761DB80F6F0023FED9 /* AvgRating.swift in Sources */,
				6C1AE4A71D9AD9CD00ECF971 /* LoginViewController.swift in Sources */,
				6C12C9E51D8B069A00C82247 /* MealData.swift in Sources */,
				6C12C9C51D89E2C500C82247 /* MealViewController.swift in Sources */,
				6C0E0B2E1D92FD3D00442321 /* Meal.swift in Sources */,
				6C12C9E31D8AF4B800C82247 /* RatingControl.swift in Sources */,
				6C1AE4AD1D9AE0CD00ECF971 /* MenuViewController.swift in Sources */,
				6C12C9C31D89E2C500C82247 /* AppDelegate.swift in Sources */,
				6CF5C0C91D9473E200450F52 /* BackendlessManager.swift in Sources */,
				6C12C9EA1D8B15B200C82247 /* MealTableViewController.swift in Sources */,
				6C12C9E81D8B116200C82247 /* MealTableViewCell.swift in Sources */,
			);
			runOnlyForDeploymentPostprocessing = 0;
		};
		6C12C9D41D8AEB2D00C82247 /* Sources */ = {
			isa = PBXSourcesBuildPhase;
			buildActionMask = 2147483647;
			files = (
				6C12C9E61D8B069A00C82247 /* MealData.swift in Sources */,
				6C12C9DB1D8AEB2E00C82247 /* food_trackerTests.swift in Sources */,
			);
			runOnlyForDeploymentPostprocessing = 0;
		};
/* End PBXSourcesBuildPhase section */

/* Begin PBXTargetDependency section */
		6C12C9DE1D8AEB2E00C82247 /* PBXTargetDependency */ = {
			isa = PBXTargetDependency;
			target = 6C12C9BE1D89E2C500C82247 /* food-tracker */;
			targetProxy = 6C12C9DD1D8AEB2E00C82247 /* PBXContainerItemProxy */;
		};
/* End PBXTargetDependency section */

/* Begin PBXVariantGroup section */
		6C12C9C61D89E2C500C82247 /* Main.storyboard */ = {
			isa = PBXVariantGroup;
			children = (
				6C12C9C71D89E2C500C82247 /* Base */,
			);
			name = Main.storyboard;
			sourceTree = "<group>";
		};
		6C12C9CB1D89E2C500C82247 /* LaunchScreen.storyboard */ = {
			isa = PBXVariantGroup;
			children = (
				6C12C9CC1D89E2C500C82247 /* Base */,
			);
			name = LaunchScreen.storyboard;
			sourceTree = "<group>";
		};
/* End PBXVariantGroup section */

/* Begin XCBuildConfiguration section */
		6C12C9CF1D89E2C500C82247 /* Debug */ = {
			isa = XCBuildConfiguration;
			buildSettings = {
				ALWAYS_SEARCH_USER_PATHS = NO;
				CLANG_ANALYZER_NONNULL = YES;
				CLANG_CXX_LANGUAGE_STANDARD = "gnu++0x";
				CLANG_CXX_LIBRARY = "libc++";
				CLANG_ENABLE_MODULES = YES;
				CLANG_ENABLE_OBJC_ARC = YES;
				CLANG_WARN_BOOL_CONVERSION = YES;
				CLANG_WARN_CONSTANT_CONVERSION = YES;
				CLANG_WARN_DIRECT_OBJC_ISA_USAGE = YES_ERROR;
				CLANG_WARN_EMPTY_BODY = YES;
				CLANG_WARN_ENUM_CONVERSION = YES;
				CLANG_WARN_INFINITE_RECURSION = YES;
				CLANG_WARN_INT_CONVERSION = YES;
				CLANG_WARN_OBJC_ROOT_CLASS = YES_ERROR;
				CLANG_WARN_SUSPICIOUS_MOVE = YES;
				CLANG_WARN_UNREACHABLE_CODE = YES;
				CLANG_WARN__DUPLICATE_METHOD_MATCH = YES;
				"CODE_SIGN_IDENTITY[sdk=iphoneos*]" = "iPhone Developer";
				COPY_PHASE_STRIP = NO;
				DEBUG_INFORMATION_FORMAT = dwarf;
				ENABLE_STRICT_OBJC_MSGSEND = YES;
				ENABLE_TESTABILITY = YES;
				GCC_C_LANGUAGE_STANDARD = gnu99;
				GCC_DYNAMIC_NO_PIC = NO;
				GCC_NO_COMMON_BLOCKS = YES;
				GCC_OPTIMIZATION_LEVEL = 0;
				GCC_PREPROCESSOR_DEFINITIONS = (
					"DEBUG=1",
					"$(inherited)",
				);
				GCC_WARN_64_TO_32_BIT_CONVERSION = YES;
				GCC_WARN_ABOUT_RETURN_TYPE = YES_ERROR;
				GCC_WARN_UNDECLARED_SELECTOR = YES;
				GCC_WARN_UNINITIALIZED_AUTOS = YES_AGGRESSIVE;
				GCC_WARN_UNUSED_FUNCTION = YES;
				GCC_WARN_UNUSED_VARIABLE = YES;
				IPHONEOS_DEPLOYMENT_TARGET = 9.3;
				MTL_ENABLE_DEBUG_INFO = YES;
				ONLY_ACTIVE_ARCH = YES;
				SDKROOT = iphoneos;
				SWIFT_OBJC_BRIDGING_HEADER = "${PODS_ROOT}/Headers/Public/Backendless/Backendless-Bridging-Header.h";
				SWIFT_OPTIMIZATION_LEVEL = "-Onone";
				TARGETED_DEVICE_FAMILY = "1,2";
			};
			name = Debug;
		};
		6C12C9D01D89E2C500C82247 /* Release */ = {
			isa = XCBuildConfiguration;
			buildSettings = {
				ALWAYS_SEARCH_USER_PATHS = NO;
				CLANG_ANALYZER_NONNULL = YES;
				CLANG_CXX_LANGUAGE_STANDARD = "gnu++0x";
				CLANG_CXX_LIBRARY = "libc++";
				CLANG_ENABLE_MODULES = YES;
				CLANG_ENABLE_OBJC_ARC = YES;
				CLANG_WARN_BOOL_CONVERSION = YES;
				CLANG_WARN_CONSTANT_CONVERSION = YES;
				CLANG_WARN_DIRECT_OBJC_ISA_USAGE = YES_ERROR;
				CLANG_WARN_EMPTY_BODY = YES;
				CLANG_WARN_ENUM_CONVERSION = YES;
				CLANG_WARN_INFINITE_RECURSION = YES;
				CLANG_WARN_INT_CONVERSION = YES;
				CLANG_WARN_OBJC_ROOT_CLASS = YES_ERROR;
				CLANG_WARN_SUSPICIOUS_MOVE = YES;
				CLANG_WARN_UNREACHABLE_CODE = YES;
				CLANG_WARN__DUPLICATE_METHOD_MATCH = YES;
				"CODE_SIGN_IDENTITY[sdk=iphoneos*]" = "iPhone Developer";
				COPY_PHASE_STRIP = NO;
				DEBUG_INFORMATION_FORMAT = "dwarf-with-dsym";
				ENABLE_NS_ASSERTIONS = NO;
				ENABLE_STRICT_OBJC_MSGSEND = YES;
				GCC_C_LANGUAGE_STANDARD = gnu99;
				GCC_NO_COMMON_BLOCKS = YES;
				GCC_WARN_64_TO_32_BIT_CONVERSION = YES;
				GCC_WARN_ABOUT_RETURN_TYPE = YES_ERROR;
				GCC_WARN_UNDECLARED_SELECTOR = YES;
				GCC_WARN_UNINITIALIZED_AUTOS = YES_AGGRESSIVE;
				GCC_WARN_UNUSED_FUNCTION = YES;
				GCC_WARN_UNUSED_VARIABLE = YES;
				IPHONEOS_DEPLOYMENT_TARGET = 9.3;
				MTL_ENABLE_DEBUG_INFO = NO;
				SDKROOT = iphoneos;
				SWIFT_OBJC_BRIDGING_HEADER = "${PODS_ROOT}/Headers/Public/Backendless/Backendless-Bridging-Header.h";
				SWIFT_OPTIMIZATION_LEVEL = "-Owholemodule";
				TARGETED_DEVICE_FAMILY = "1,2";
				VALIDATE_PRODUCT = YES;
			};
			name = Release;
		};
		6C12C9D21D89E2C500C82247 /* Debug */ = {
			isa = XCBuildConfiguration;
			baseConfigurationReference = 408A748B7C57887CBC253DEB /* Pods-food-tracker.debug.xcconfig */;
			buildSettings = {
				ASSETCATALOG_COMPILER_APPICON_NAME = AppIcon;
				DEVELOPMENT_TEAM = MGZJFP2D98;
				INFOPLIST_FILE = "food-tracker/Info.plist";
				LD_RUNPATH_SEARCH_PATHS = "$(inherited) @executable_path/Frameworks";
				PRODUCT_BUNDLE_IDENTIFIER = "com.melissaphillipsdesign.food-tracker";
				PRODUCT_NAME = "$(TARGET_NAME)";
				SWIFT_VERSION = 3.0;
			};
			name = Debug;
		};
		6C12C9D31D89E2C500C82247 /* Release */ = {
			isa = XCBuildConfiguration;
			baseConfigurationReference = DE659380D209F91483A25C31 /* Pods-food-tracker.release.xcconfig */;
			buildSettings = {
				ASSETCATALOG_COMPILER_APPICON_NAME = AppIcon;
				DEVELOPMENT_TEAM = MGZJFP2D98;
				INFOPLIST_FILE = "food-tracker/Info.plist";
				LD_RUNPATH_SEARCH_PATHS = "$(inherited) @executable_path/Frameworks";
				PRODUCT_BUNDLE_IDENTIFIER = "com.melissaphillipsdesign.food-tracker";
				PRODUCT_NAME = "$(TARGET_NAME)";
				SWIFT_VERSION = 3.0;
			};
			name = Release;
		};
		6C12C9DF1D8AEB2E00C82247 /* Debug */ = {
			isa = XCBuildConfiguration;
			buildSettings = {
				BUNDLE_LOADER = "$(TEST_HOST)";
				INFOPLIST_FILE = "food-trackerTests/Info.plist";
				LD_RUNPATH_SEARCH_PATHS = "$(inherited) @executable_path/Frameworks @loader_path/Frameworks";
				PRODUCT_BUNDLE_IDENTIFIER = "com.melissaphillipsdesign.food-trackerTests";
				PRODUCT_NAME = "$(TARGET_NAME)";
				SWIFT_VERSION = 3.0;
				TEST_HOST = "$(BUILT_PRODUCTS_DIR)/food-tracker.app/food-tracker";
			};
			name = Debug;
		};
		6C12C9E01D8AEB2E00C82247 /* Release */ = {
			isa = XCBuildConfiguration;
			buildSettings = {
				BUNDLE_LOADER = "$(TEST_HOST)";
				INFOPLIST_FILE = "food-trackerTests/Info.plist";
				LD_RUNPATH_SEARCH_PATHS = "$(inherited) @executable_path/Frameworks @loader_path/Frameworks";
				PRODUCT_BUNDLE_IDENTIFIER = "com.melissaphillipsdesign.food-trackerTests";
				PRODUCT_NAME = "$(TARGET_NAME)";
				SWIFT_VERSION = 3.0;
				TEST_HOST = "$(BUILT_PRODUCTS_DIR)/food-tracker.app/food-tracker";
			};
			name = Release;
		};
/* End XCBuildConfiguration section */

/* Begin XCConfigurationList section */
		6C12C9BA1D89E2C400C82247 /* Build configuration list for PBXProject "food-tracker" */ = {
			isa = XCConfigurationList;
			buildConfigurations = (
				6C12C9CF1D89E2C500C82247 /* Debug */,
				6C12C9D01D89E2C500C82247 /* Release */,
			);
			defaultConfigurationIsVisible = 0;
			defaultConfigurationName = Release;
		};
		6C12C9D11D89E2C500C82247 /* Build configuration list for PBXNativeTarget "food-tracker" */ = {
			isa = XCConfigurationList;
			buildConfigurations = (
				6C12C9D21D89E2C500C82247 /* Debug */,
				6C12C9D31D89E2C500C82247 /* Release */,
			);
			defaultConfigurationIsVisible = 0;
			defaultConfigurationName = Release;
		};
		6C12C9E11D8AEB2E00C82247 /* Build configuration list for PBXNativeTarget "food-trackerTests" */ = {
			isa = XCConfigurationList;
			buildConfigurations = (
				6C12C9DF1D8AEB2E00C82247 /* Debug */,
				6C12C9E01D8AEB2E00C82247 /* Release */,
			);
			defaultConfigurationIsVisible = 0;
			defaultConfigurationName = Release;
		};
/* End XCConfigurationList section */
	};
	rootObject = 6C12C9B71D89E2C400C82247 /* Project object */;
}
